// !$*UTF8*$!
{
	archiveVersion = 1;
	classes = {
	};
	objectVersion = 50;
	objects = {

/* Begin PBXBuildFile section */
		29E16AB324339D230062C6F6 /* AppDelegate.m in Sources */ = {isa = PBXBuildFile; fileRef = 29E16AB224339D230062C6F6 /* AppDelegate.m */; };
		29E16AB624339D230062C6F6 /* ViewController.m in Sources */ = {isa = PBXBuildFile; fileRef = 29E16AB524339D230062C6F6 /* ViewController.m */; };
		29E16AB924339D230062C6F6 /* Main.storyboard in Resources */ = {isa = PBXBuildFile; fileRef = 29E16AB724339D230062C6F6 /* Main.storyboard */; };
		29E16ABC24339D230062C6F6 /* Rain.xcdatamodeld in Sources */ = {isa = PBXBuildFile; fileRef = 29E16ABA24339D230062C6F6 /* Rain.xcdatamodeld */; };
		29E16ABE24339D250062C6F6 /* Assets.xcassets in Resources */ = {isa = PBXBuildFile; fileRef = 29E16ABD24339D250062C6F6 /* Assets.xcassets */; };
		29E16AC124339D250062C6F6 /* LaunchScreen.storyboard in Resources */ = {isa = PBXBuildFile; fileRef = 29E16ABF24339D250062C6F6 /* LaunchScreen.storyboard */; };
		29E16AC424339D250062C6F6 /* main.m in Sources */ = {isa = PBXBuildFile; fileRef = 29E16AC324339D250062C6F6 /* main.m */; };
		29E16ACE24339D250062C6F6 /* RainTests.m in Sources */ = {isa = PBXBuildFile; fileRef = 29E16ACD24339D250062C6F6 /* RainTests.m */; };
		29E16AD924339D250062C6F6 /* RainUITests.m in Sources */ = {isa = PBXBuildFile; fileRef = 29E16AD824339D250062C6F6 /* RainUITests.m */; };
/* End PBXBuildFile section */

/* Begin PBXContainerItemProxy section */
		29E16ACA24339D250062C6F6 /* PBXContainerItemProxy */ = {
			isa = PBXContainerItemProxy;
			containerPortal = 29E16AA624339D230062C6F6 /* Project object */;
			proxyType = 1;
			remoteGlobalIDString = 29E16AAD24339D230062C6F6;
			remoteInfo = Rain;
		};
		29E16AD524339D250062C6F6 /* PBXContainerItemProxy */ = {
			isa = PBXContainerItemProxy;
			containerPortal = 29E16AA624339D230062C6F6 /* Project object */;
			proxyType = 1;
			remoteGlobalIDString = 29E16AAD24339D230062C6F6;
			remoteInfo = Rain;
		};
/* End PBXContainerItemProxy section */

/* Begin PBXFileReference section */
		29E16AAE24339D230062C6F6 /* Rain.app */ = {isa = PBXFileReference; explicitFileType = wrapper.application; includeInIndex = 0; path = Rain.app; sourceTree = BUILT_PRODUCTS_DIR; };
		29E16AB124339D230062C6F6 /* AppDelegate.h */ = {isa = PBXFileReference; lastKnownFileType = sourcecode.c.h; path = AppDelegate.h; sourceTree = "<group>"; };
		29E16AB224339D230062C6F6 /* AppDelegate.m */ = {isa = PBXFileReference; lastKnownFileType = sourcecode.c.objc; path = AppDelegate.m; sourceTree = "<group>"; };
		29E16AB424339D230062C6F6 /* ViewController.h */ = {isa = PBXFileReference; lastKnownFileType = sourcecode.c.h; path = ViewController.h; sourceTree = "<group>"; };
		29E16AB524339D230062C6F6 /* ViewController.m */ = {isa = PBXFileReference; lastKnownFileType = sourcecode.c.objc; path = ViewController.m; sourceTree = "<group>"; };
		29E16AB824339D230062C6F6 /* Base */ = {isa = PBXFileReference; lastKnownFileType = file.storyboard; name = Base; path = Base.lproj/Main.storyboard; sourceTree = "<group>"; };
		29E16ABB24339D230062C6F6 /* Rain.xcdatamodel */ = {isa = PBXFileReference; lastKnownFileType = wrapper.xcdatamodel; path = Rain.xcdatamodel; sourceTree = "<group>"; };
		29E16ABD24339D250062C6F6 /* Assets.xcassets */ = {isa = PBXFileReference; lastKnownFileType = folder.assetcatalog; path = Assets.xcassets; sourceTree = "<group>"; };
		29E16AC024339D250062C6F6 /* Base */ = {isa = PBXFileReference; lastKnownFileType = file.storyboard; name = Base; path = Base.lproj/LaunchScreen.storyboard; sourceTree = "<group>"; };
		29E16AC224339D250062C6F6 /* Info.plist */ = {isa = PBXFileReference; lastKnownFileType = text.plist.xml; path = Info.plist; sourceTree = "<group>"; };
		29E16AC324339D250062C6F6 /* main.m */ = {isa = PBXFileReference; lastKnownFileType = sourcecode.c.objc; path = main.m; sourceTree = "<group>"; };
		29E16AC924339D250062C6F6 /* RainTests.xctest */ = {isa = PBXFileReference; explicitFileType = wrapper.cfbundle; includeInIndex = 0; path = RainTests.xctest; sourceTree = BUILT_PRODUCTS_DIR; };
		29E16ACD24339D250062C6F6 /* RainTests.m */ = {isa = PBXFileReference; lastKnownFileType = sourcecode.c.objc; path = RainTests.m; sourceTree = "<group>"; };
		29E16ACF24339D250062C6F6 /* Info.plist */ = {isa = PBXFileReference; lastKnownFileType = text.plist.xml; path = Info.plist; sourceTree = "<group>"; };
		29E16AD424339D250062C6F6 /* RainUITests.xctest */ = {isa = PBXFileReference; explicitFileType = wrapper.cfbundle; includeInIndex = 0; path = RainUITests.xctest; sourceTree = BUILT_PRODUCTS_DIR; };
		29E16AD824339D250062C6F6 /* RainUITests.m */ = {isa = PBXFileReference; lastKnownFileType = sourcecode.c.objc; path = RainUITests.m; sourceTree = "<group>"; };
		29E16ADA24339D250062C6F6 /* Info.plist */ = {isa = PBXFileReference; lastKnownFileType = text.plist.xml; path = Info.plist; sourceTree = "<group>"; };
/* End PBXFileReference section */

/* Begin PBXFrameworksBuildPhase section */
		29E16AAB24339D230062C6F6 /* Frameworks */ = {
			isa = PBXFrameworksBuildPhase;
			buildActionMask = 2147483647;
			files = (
			);
			runOnlyForDeploymentPostprocessing = 0;
		};
		29E16AC624339D250062C6F6 /* Frameworks */ = {
			isa = PBXFrameworksBuildPhase;
			buildActionMask = 2147483647;
			files = (
			);
			runOnlyForDeploymentPostprocessing = 0;
		};
		29E16AD124339D250062C6F6 /* Frameworks */ = {
			isa = PBXFrameworksBuildPhase;
			buildActionMask = 2147483647;
			files = (
			);
			runOnlyForDeploymentPostprocessing = 0;
		};
/* End PBXFrameworksBuildPhase section */

/* Begin PBXGroup section */
		29E16AA524339D230062C6F6 = {
			isa = PBXGroup;
			children = (
				29E16AB024339D230062C6F6 /* Rain */,
				29E16ACC24339D250062C6F6 /* RainTests */,
				29E16AD724339D250062C6F6 /* RainUITests */,
				29E16AAF24339D230062C6F6 /* Products */,
			);
			sourceTree = "<group>";
		};
		29E16AAF24339D230062C6F6 /* Products */ = {
			isa = PBXGroup;
			children = (
				29E16AAE24339D230062C6F6 /* Rain.app */,
				29E16AC924339D250062C6F6 /* RainTests.xctest */,
				29E16AD424339D250062C6F6 /* RainUITests.xctest */,
			);
			name = Products;
			sourceTree = "<group>";
		};
		29E16AB024339D230062C6F6 /* Rain */ = {
			isa = PBXGroup;
			children = (
				29E16AB124339D230062C6F6 /* AppDelegate.h */,
				29E16AB224339D230062C6F6 /* AppDelegate.m */,
				29E16AB424339D230062C6F6 /* ViewController.h */,
				29E16AB524339D230062C6F6 /* ViewController.m */,
				29E16AB724339D230062C6F6 /* Main.storyboard */,
				29E16ABD24339D250062C6F6 /* Assets.xcassets */,
				29E16ABF24339D250062C6F6 /* LaunchScreen.storyboard */,
				29E16AC224339D250062C6F6 /* Info.plist */,
				29E16AC324339D250062C6F6 /* main.m */,
				29E16ABA24339D230062C6F6 /* Rain.xcdatamodeld */,
			);
			path = Rain;
			sourceTree = "<group>";
		};
		29E16ACC24339D250062C6F6 /* RainTests */ = {
			isa = PBXGroup;
			children = (
				29E16ACD24339D250062C6F6 /* RainTests.m */,
				29E16ACF24339D250062C6F6 /* Info.plist */,
			);
			path = RainTests;
			sourceTree = "<group>";
		};
		29E16AD724339D250062C6F6 /* RainUITests */ = {
			isa = PBXGroup;
			children = (
				29E16AD824339D250062C6F6 /* RainUITests.m */,
				29E16ADA24339D250062C6F6 /* Info.plist */,
			);
			path = RainUITests;
			sourceTree = "<group>";
		};
/* End PBXGroup section */

/* Begin PBXNativeTarget section */
		29E16AAD24339D230062C6F6 /* Rain */ = {
			isa = PBXNativeTarget;
			buildConfigurationList = 29E16ADD24339D250062C6F6 /* Build configuration list for PBXNativeTarget "Rain" */;
			buildPhases = (
				29E16AAA24339D230062C6F6 /* Sources */,
				29E16AAB24339D230062C6F6 /* Frameworks */,
				29E16AAC24339D230062C6F6 /* Resources */,
			);
			buildRules = (
			);
			dependencies = (
			);
			name = Rain;
			productName = Rain;
			productReference = 29E16AAE24339D230062C6F6 /* Rain.app */;
			productType = "com.apple.product-type.application";
		};
		29E16AC824339D250062C6F6 /* RainTests */ = {
			isa = PBXNativeTarget;
			buildConfigurationList = 29E16AE024339D250062C6F6 /* Build configuration list for PBXNativeTarget "RainTests" */;
			buildPhases = (
				29E16AC524339D250062C6F6 /* Sources */,
				29E16AC624339D250062C6F6 /* Frameworks */,
				29E16AC724339D250062C6F6 /* Resources */,
			);
			buildRules = (
			);
			dependencies = (
				29E16ACB24339D250062C6F6 /* PBXTargetDependency */,
			);
			name = RainTests;
			productName = RainTests;
			productReference = 29E16AC924339D250062C6F6 /* RainTests.xctest */;
			productType = "com.apple.product-type.bundle.unit-test";
		};
		29E16AD324339D250062C6F6 /* RainUITests */ = {
			isa = PBXNativeTarget;
			buildConfigurationList = 29E16AE324339D250062C6F6 /* Build configuration list for PBXNativeTarget "RainUITests" */;
			buildPhases = (
				29E16AD024339D250062C6F6 /* Sources */,
				29E16AD124339D250062C6F6 /* Frameworks */,
				29E16AD224339D250062C6F6 /* Resources */,
			);
			buildRules = (
			);
			dependencies = (
				29E16AD624339D250062C6F6 /* PBXTargetDependency */,
			);
			name = RainUITests;
			productName = RainUITests;
			productReference = 29E16AD424339D250062C6F6 /* RainUITests.xctest */;
			productType = "com.apple.product-type.bundle.ui-testing";
		};
/* End PBXNativeTarget section */

/* Begin PBXProject section */
		29E16AA624339D230062C6F6 /* Project object */ = {
			isa = PBXProject;
			attributes = {
				LastUpgradeCheck = 1030;
				ORGANIZATIONNAME = "蒋洁强";
				TargetAttributes = {
					29E16AAD24339D230062C6F6 = {
						CreatedOnToolsVersion = 10.3;
					};
					29E16AC824339D250062C6F6 = {
						CreatedOnToolsVersion = 10.3;
						TestTargetID = 29E16AAD24339D230062C6F6;
					};
					29E16AD324339D250062C6F6 = {
						CreatedOnToolsVersion = 10.3;
						TestTargetID = 29E16AAD24339D230062C6F6;
					};
				};
			};
			buildConfigurationList = 29E16AA924339D230062C6F6 /* Build configuration list for PBXProject "Rain" */;
			compatibilityVersion = "Xcode 9.3";
			developmentRegion = en;
			hasScannedForEncodings = 0;
			knownRegions = (
				en,
				Base,
			);
			mainGroup = 29E16AA524339D230062C6F6;
			productRefGroup = 29E16AAF24339D230062C6F6 /* Products */;
			projectDirPath = "";
			projectRoot = "";
			targets = (
				29E16AAD24339D230062C6F6 /* Rain */,
				29E16AC824339D250062C6F6 /* RainTests */,
				29E16AD324339D250062C6F6 /* RainUITests */,
			);
		};
/* End PBXProject section */

/* Begin PBXResourcesBuildPhase section */
		29E16AAC24339D230062C6F6 /* Resources */ = {
			isa = PBXResourcesBuildPhase;
			buildActionMask = 2147483647;
			files = (
				29E16AC124339D250062C6F6 /* LaunchScreen.storyboard in Resources */,
				29E16ABE24339D250062C6F6 /* Assets.xcassets in Resources */,
				29E16AB924339D230062C6F6 /* Main.storyboard in Resources */,
			);
			runOnlyForDeploymentPostprocessing = 0;
		};
		29E16AC724339D250062C6F6 /* Resources */ = {
			isa = PBXResourcesBuildPhase;
			buildActionMask = 2147483647;
			files = (
			);
			runOnlyForDeploymentPostprocessing = 0;
		};
		29E16AD224339D250062C6F6 /* Resources */ = {
			isa = PBXResourcesBuildPhase;
			buildActionMask = 2147483647;
			files = (
			);
			runOnlyForDeploymentPostprocessing = 0;
		};
/* End PBXResourcesBuildPhase section */

/* Begin PBXSourcesBuildPhase section */
		29E16AAA24339D230062C6F6 /* Sources */ = {
			isa = PBXSourcesBuildPhase;
			buildActionMask = 2147483647;
			files = (
				29E16AB624339D230062C6F6 /* ViewController.m in Sources */,
				29E16ABC24339D230062C6F6 /* Rain.xcdatamodeld in Sources */,
				29E16AC424339D250062C6F6 /* main.m in Sources */,
				29E16AB324339D230062C6F6 /* AppDelegate.m in Sources */,
			);
			runOnlyForDeploymentPostprocessing = 0;
		};
		29E16AC524339D250062C6F6 /* Sources */ = {
			isa = PBXSourcesBuildPhase;
			buildActionMask = 2147483647;
			files = (
				29E16ACE24339D250062C6F6 /* RainTests.m in Sources */,
			);
			runOnlyForDeploymentPostprocessing = 0;
		};
		29E16AD024339D250062C6F6 /* Sources */ = {
			isa = PBXSourcesBuildPhase;
			buildActionMask = 2147483647;
			files = (
				29E16AD924339D250062C6F6 /* RainUITests.m in Sources */,
			);
			runOnlyForDeploymentPostprocessing = 0;
		};
/* End PBXSourcesBuildPhase section */

/* Begin PBXTargetDependency section */
		29E16ACB24339D250062C6F6 /* PBXTargetDependency */ = {
			isa = PBXTargetDependency;
			target = 29E16AAD24339D230062C6F6 /* Rain */;
			targetProxy = 29E16ACA24339D250062C6F6 /* PBXContainerItemProxy */;
		};
		29E16AD624339D250062C6F6 /* PBXTargetDependency */ = {
			isa = PBXTargetDependency;
			target = 29E16AAD24339D230062C6F6 /* Rain */;
			targetProxy = 29E16AD524339D250062C6F6 /* PBXContainerItemProxy */;
		};
/* End PBXTargetDependency section */

/* Begin PBXVariantGroup section */
		29E16AB724339D230062C6F6 /* Main.storyboard */ = {
			isa = PBXVariantGroup;
			children = (
				29E16AB824339D230062C6F6 /* Base */,
			);
			name = Main.storyboard;
			sourceTree = "<group>";
		};
		29E16ABF24339D250062C6F6 /* LaunchScreen.storyboard */ = {
			isa = PBXVariantGroup;
			children = (
				29E16AC024339D250062C6F6 /* Base */,
			);
			name = LaunchScreen.storyboard;
			sourceTree = "<group>";
		};
/* End PBXVariantGroup section */

/* Begin XCBuildConfiguration section */
		29E16ADB24339D250062C6F6 /* Debug */ = {
			isa = XCBuildConfiguration;
			buildSettings = {
				ALWAYS_SEARCH_USER_PATHS = NO;
				CLANG_ANALYZER_NONNULL = YES;
				CLANG_ANALYZER_NUMBER_OBJECT_CONVERSION = YES_AGGRESSIVE;
				CLANG_CXX_LANGUAGE_STANDARD = "gnu++14";
				CLANG_CXX_LIBRARY = "libc++";
				CLANG_ENABLE_MODULES = YES;
				CLANG_ENABLE_OBJC_ARC = YES;
				CLANG_ENABLE_OBJC_WEAK = YES;
				CLANG_WARN_BLOCK_CAPTURE_AUTORELEASING = YES;
				CLANG_WARN_BOOL_CONVERSION = YES;
				CLANG_WARN_COMMA = YES;
				CLANG_WARN_CONSTANT_CONVERSION = YES;
				CLANG_WARN_DEPRECATED_OBJC_IMPLEMENTATIONS = YES;
				CLANG_WARN_DIRECT_OBJC_ISA_USAGE = YES_ERROR;
				CLANG_WARN_DOCUMENTATION_COMMENTS = YES;
				CLANG_WARN_EMPTY_BODY = YES;
				CLANG_WARN_ENUM_CONVERSION = YES;
				CLANG_WARN_INFINITE_RECURSION = YES;
				CLANG_WARN_INT_CONVERSION = YES;
				CLANG_WARN_NON_LITERAL_NULL_CONVERSION = YES;
				CLANG_WARN_OBJC_IMPLICIT_RETAIN_SELF = YES;
				CLANG_WARN_OBJC_LITERAL_CONVERSION = YES;
				CLANG_WARN_OBJC_ROOT_CLASS = YES_ERROR;
				CLANG_WARN_RANGE_LOOP_ANALYSIS = YES;
				CLANG_WARN_STRICT_PROTOTYPES = YES;
				CLANG_WARN_SUSPICIOUS_MOVE = YES;
				CLANG_WARN_UNGUARDED_AVAILABILITY = YES_AGGRESSIVE;
				CLANG_WARN_UNREACHABLE_CODE = YES;
				CLANG_WARN__DUPLICATE_METHOD_MATCH = YES;
				CODE_SIGN_IDENTITY = "iPhone Developer";
				COPY_PHASE_STRIP = NO;
				DEBUG_INFORMATION_FORMAT = dwarf;
				ENABLE_STRICT_OBJC_MSGSEND = YES;
				ENABLE_TESTABILITY = YES;
				GCC_C_LANGUAGE_STANDARD = gnu11;
				GCC_DYNAMIC_NO_PIC = NO;
				GCC_NO_COMMON_BLOCKS = YES;
				GCC_OPTIMIZATION_LEVEL = 0;
				GCC_PREPROCESSOR_DEFINITIONS = (
					"DEBUG=1",
					"$(inherited)",
				);
				GCC_WARN_64_TO_32_BIT_CONVERSION = YES;
				GCC_WARN_ABOUT_RETURN_TYPE = YES_ERROR;
				GCC_WARN_UNDECLARED_SELECTOR = YES;
				GCC_WARN_UNINITIALIZED_AUTOS = YES_AGGRESSIVE;
				GCC_WARN_UNUSED_FUNCTION = YES;
				GCC_WARN_UNUSED_VARIABLE = YES;
				IPHONEOS_DEPLOYMENT_TARGET = 12.4;
				MTL_ENABLE_DEBUG_INFO = INCLUDE_SOURCE;
				MTL_FAST_MATH = YES;
				ONLY_ACTIVE_ARCH = YES;
				SDKROOT = iphoneos;
			};
			name = Debug;
		};
		29E16ADC24339D250062C6F6 /* Release */ = {
			isa = XCBuildConfiguration;
			buildSettings = {
				ALWAYS_SEARCH_USER_PATHS = NO;
				CLANG_ANALYZER_NONNULL = YES;
				CLANG_ANALYZER_NUMBER_OBJECT_CONVERSION = YES_AGGRESSIVE;
				CLANG_CXX_LANGUAGE_STANDARD = "gnu++14";
				CLANG_CXX_LIBRARY = "libc++";
				CLANG_ENABLE_MODULES = YES;
				CLANG_ENABLE_OBJC_ARC = YES;
				CLANG_ENABLE_OBJC_WEAK = YES;
				CLANG_WARN_BLOCK_CAPTURE_AUTORELEASING = YES;
				CLANG_WARN_BOOL_CONVERSION = YES;
				CLANG_WARN_COMMA = YES;
				CLANG_WARN_CONSTANT_CONVERSION = YES;
				CLANG_WARN_DEPRECATED_OBJC_IMPLEMENTATIONS = YES;
				CLANG_WARN_DIRECT_OBJC_ISA_USAGE = YES_ERROR;
				CLANG_WARN_DOCUMENTATION_COMMENTS = YES;
				CLANG_WARN_EMPTY_BODY = YES;
				CLANG_WARN_ENUM_CONVERSION = YES;
				CLANG_WARN_INFINITE_RECURSION = YES;
				CLANG_WARN_INT_CONVERSION = YES;
				CLANG_WARN_NON_LITERAL_NULL_CONVERSION = YES;
				CLANG_WARN_OBJC_IMPLICIT_RETAIN_SELF = YES;
				CLANG_WARN_OBJC_LITERAL_CONVERSION = YES;
				CLANG_WARN_OBJC_ROOT_CLASS = YES_ERROR;
				CLANG_WARN_RANGE_LOOP_ANALYSIS = YES;
				CLANG_WARN_STRICT_PROTOTYPES = YES;
				CLANG_WARN_SUSPICIOUS_MOVE = YES;
				CLANG_WARN_UNGUARDED_AVAILABILITY = YES_AGGRESSIVE;
				CLANG_WARN_UNREACHABLE_CODE = YES;
				CLANG_WARN__DUPLICATE_METHOD_MATCH = YES;
				CODE_SIGN_IDENTITY = "iPhone Developer";
				COPY_PHASE_STRIP = NO;
				DEBUG_INFORMATION_FORMAT = "dwarf-with-dsym";
				ENABLE_NS_ASSERTIONS = NO;
				ENABLE_STRICT_OBJC_MSGSEND = YES;
				GCC_C_LANGUAGE_STANDARD = gnu11;
				GCC_NO_COMMON_BLOCKS = YES;
				GCC_WARN_64_TO_32_BIT_CONVERSION = YES;
				GCC_WARN_ABOUT_RETURN_TYPE = YES_ERROR;
				GCC_WARN_UNDECLARED_SELECTOR = YES;
				GCC_WARN_UNINITIALIZED_AUTOS = YES_AGGRESSIVE;
				GCC_WARN_UNUSED_FUNCTION = YES;
				GCC_WARN_UNUSED_VARIABLE = YES;
				IPHONEOS_DEPLOYMENT_TARGET = 12.4;
				MTL_ENABLE_DEBUG_INFO = NO;
				MTL_FAST_MATH = YES;
				SDKROOT = iphoneos;
				VALIDATE_PRODUCT = YES;
			};
			name = Release;
		};
		29E16ADE24339D250062C6F6 /* Debug */ = {
			isa = XCBuildConfiguration;
			buildSettings = {
				ASSETCATALOG_COMPILER_APPICON_NAME = AppIcon;
				CODE_SIGN_STYLE = Automatic;
				INFOPLIST_FILE = Rain/Info.plist;
				LD_RUNPATH_SEARCH_PATHS = (
					"$(inherited)",
					"@executable_path/Frameworks",
				);
				PRODUCT_BUNDLE_IDENTIFIER = jjq.Rain;
				PRODUCT_NAME = "$(TARGET_NAME)";
				TARGETED_DEVICE_FAMILY = "1,2";
			};
			name = Debug;
		};
		29E16ADF24339D250062C6F6 /* Release */ = {
			isa = XCBuildConfiguration;
			buildSettings = {
				ASSETCATALOG_COMPILER_APPICON_NAME = AppIcon;
				CODE_SIGN_STYLE = Automatic;
				INFOPLIST_FILE = Rain/Info.plist;
				LD_RUNPATH_SEARCH_PATHS = (
					"$(inherited)",
					"@executable_path/Frameworks",
				);
				PRODUCT_BUNDLE_IDENTIFIER = jjq.Rain;
				PRODUCT_NAME = "$(TARGET_NAME)";
				TARGETED_DEVICE_FAMILY = "1,2";
			};
			name = Release;
		};
		29E16AE124339D250062C6F6 /* Debug */ = {
			isa = XCBuildConfiguration;
			buildSettings = {
				BUNDLE_LOADER = "$(TEST_HOST)";
				CODE_SIGN_STYLE = Automatic;
				INFOPLIST_FILE = RainTests/Info.plist;
				LD_RUNPATH_SEARCH_PATHS = (
					"$(inherited)",
					"@executable_path/Frameworks",
					"@loader_path/Frameworks",
				);
				PRODUCT_BUNDLE_IDENTIFIER = jjq.RainTests;
				PRODUCT_NAME = "$(TARGET_NAME)";
				TARGETED_DEVICE_FAMILY = "1,2";
				TEST_HOST = "$(BUILT_PRODUCTS_DIR)/Rain.app/Rain";
			};
			name = Debug;
		};
		29E16AE224339D250062C6F6 /* Release */ = {
			isa = XCBuildConfiguration;
			buildSettings = {
				BUNDLE_LOADER = "$(TEST_HOST)";
				CODE_SIGN_STYLE = Automatic;
				INFOPLIST_FILE = RainTests/Info.plist;
				LD_RUNPATH_SEARCH_PATHS = (
					"$(inherited)",
					"@executable_path/Frameworks",
					"@loader_path/Frameworks",
				);
				PRODUCT_BUNDLE_IDENTIFIER = jjq.RainTests;
				PRODUCT_NAME = "$(TARGET_NAME)";
				TARGETED_DEVICE_FAMILY = "1,2";
				TEST_HOST = "$(BUILT_PRODUCTS_DIR)/Rain.app/Rain";
			};
			name = Release;
		};
		29E16AE424339D250062C6F6 /* Debug */ = {
			isa = XCBuildConfiguration;
			buildSettings = {
				CODE_SIGN_STYLE = Automatic;
				INFOPLIST_FILE = RainUITests/Info.plist;
				LD_RUNPATH_SEARCH_PATHS = (
					"$(inherited)",
					"@executable_path/Frameworks",
					"@loader_path/Frameworks",
				);
				PRODUCT_BUNDLE_IDENTIFIER = jjq.RainUITests;
				PRODUCT_NAME = "$(TARGET_NAME)";
				TARGETED_DEVICE_FAMILY = "1,2";
				TEST_TARGET_NAME = Rain;
			};
			name = Debug;
		};
		29E16AE524339D250062C6F6 /* Release */ = {
			isa = XCBuildConfiguration;
			buildSettings = {
				CODE_SIGN_STYLE = Automatic;
				INFOPLIST_FILE = RainUITests/Info.plist;
				LD_RUNPATH_SEARCH_PATHS = (
					"$(inherited)",
					"@executable_path/Frameworks",
					"@loader_path/Frameworks",
				);
				PRODUCT_BUNDLE_IDENTIFIER = jjq.RainUITests;
				PRODUCT_NAME = "$(TARGET_NAME)";
				TARGETED_DEVICE_FAMILY = "1,2";
				TEST_TARGET_NAME = Rain;
			};
			name = Release;
		};
/* End XCBuildConfiguration section */

/* Begin XCConfigurationList section */
		29E16AA924339D230062C6F6 /* Build configuration list for PBXProject "Rain" */ = {
			isa = XCConfigurationList;
			buildConfigurations = (
				29E16ADB24339D250062C6F6 /* Debug */,
				29E16ADC24339D250062C6F6 /* Release */,
			);
			defaultConfigurationIsVisible = 0;
			defaultConfigurationName = Release;
		};
		29E16ADD24339D250062C6F6 /* Build configuration list for PBXNativeTarget "Rain" */ = {
			isa = XCConfigurationList;
			buildConfigurations = (
				29E16ADE24339D250062C6F6 /* Debug */,
				29E16ADF24339D250062C6F6 /* Release */,
			);
			defaultConfigurationIsVisible = 0;
			defaultConfigurationName = Release;
		};
		29E16AE024339D250062C6F6 /* Build configuration list for PBXNativeTarget "RainTests" */ = {
			isa = XCConfigurationList;
			buildConfigurations = (
				29E16AE124339D250062C6F6 /* Debug */,
				29E16AE224339D250062C6F6 /* Release */,
			);
			defaultConfigurationIsVisible = 0;
			defaultConfigurationName = Release;
		};
		29E16AE324339D250062C6F6 /* Build configuration list for PBXNativeTarget "RainUITests" */ = {
			isa = XCConfigurationList;
			buildConfigurations = (
				29E16AE424339D250062C6F6 /* Debug */,
				29E16AE524339D250062C6F6 /* Release */,
			);
			defaultConfigurationIsVisible = 0;
			defaultConfigurationName = Release;
		};
/* End XCConfigurationList section */

/* Begin XCVersionGroup section */
		29E16ABA24339D230062C6F6 /* Rain.xcdatamodeld */ = {
			isa = XCVersionGroup;
			children = (
				29E16ABB24339D230062C6F6 /* Rain.xcdatamodel */,
			);
			currentVersion = 29E16ABB24339D230062C6F6 /* Rain.xcdatamodel */;
			path = Rain.xcdatamodeld;
			sourceTree = "<group>";
			versionGroupType = wrapper.xcdatamodel;
		};
/* End XCVersionGroup section */
	};
	rootObject = 29E16AA624339D230062C6F6 /* Project object */;
}
